// !$*UTF8*$!
{
	archiveVersion = 1;
	classes = {
	};
	objectVersion = 50;
	objects = {

/* Begin PBXBuildFile section */
		CBC88E6C20E0D93A009AB824 /* UIKit.framework in Frameworks */ = {isa = PBXBuildFile; fileRef = CBC88E6B20E0D93A009AB824 /* UIKit.framework */; };
		CBC88E6E20E0D93A009AB824 /* Foundation.framework in Frameworks */ = {isa = PBXBuildFile; fileRef = CBC88E6D20E0D93A009AB824 /* Foundation.framework */; };
		CBC88E7020E0D93A009AB824 /* CydiaSubstrate.framework in Frameworks */ = {isa = PBXBuildFile; fileRef = CBC88E6F20E0D93A009AB824 /* CydiaSubstrate.framework */; };
		CBC88E7F20E0D93A009AB824 /* AppleTraceLoader.mm in Sources */ = {isa = PBXBuildFile; fileRef = CBC88E7E20E0D93A009AB824 /* AppleTraceLoader.mm */; };
/* End PBXBuildFile section */

/* Begin PBXFileReference section */
		CBC88E6820E0D93A009AB824 /* AppleTraceLoader.dylib */ = {isa = PBXFileReference; explicitFileType = "compiled.mach-o.dylib"; includeInIndex = 0; path = AppleTraceLoader.dylib; sourceTree = BUILT_PRODUCTS_DIR; };
		CBC88E6B20E0D93A009AB824 /* UIKit.framework */ = {isa = PBXFileReference; lastKnownFileType = wrapper.framework; name = UIKit.framework; path = System/Library/Frameworks/UIKit.framework; sourceTree = SDKROOT; };
		CBC88E6D20E0D93A009AB824 /* Foundation.framework */ = {isa = PBXFileReference; lastKnownFileType = wrapper.framework; name = Foundation.framework; path = System/Library/Frameworks/Foundation.framework; sourceTree = SDKROOT; };
		CBC88E6F20E0D93A009AB824 /* CydiaSubstrate.framework */ = {isa = PBXFileReference; lastKnownFileType = wrapper.framework; name = CydiaSubstrate.framework; path = Library/Frameworks/CydiaSubstrate.framework; sourceTree = DEVELOPER_DIR; };
		CBC88E7420E0D93A009AB824 /* control */ = {isa = PBXFileReference; lastKnownFileType = text; name = control; path = Package/DEBIAN/control; sourceTree = "<group>"; };
		CBC88E7820E0D93A009AB824 /* AppleTraceLoader.plist */ = {isa = PBXFileReference; lastKnownFileType = text.plist.xml; name = AppleTraceLoader.plist; path = Package/Library/PreferenceLoader/Preferences/AppleTraceLoader.plist; sourceTree = "<group>"; };
		CBC88E7920E0D93A009AB824 /* AppleTraceLoaderIcon.png */ = {isa = PBXFileReference; lastKnownFileType = image.png; name = AppleTraceLoaderIcon.png; path = Package/Library/PreferenceLoader/Preferences/AppleTraceLoaderIcon.png; sourceTree = "<group>"; };
		CBC88E7A20E0D93A009AB824 /* AppleTraceLoaderIcon@2x.png */ = {isa = PBXFileReference; lastKnownFileType = image.png; name = "AppleTraceLoaderIcon@2x.png"; path = "Package/Library/PreferenceLoader/Preferences/AppleTraceLoaderIcon@2x.png"; sourceTree = "<group>"; };
		CBC88E7C20E0D93A009AB824 /* AppleTraceLoader-Prefix.pch */ = {isa = PBXFileReference; lastKnownFileType = sourcecode.c.h; path = "AppleTraceLoader-Prefix.pch"; sourceTree = "<group>"; };
		CBC88E7D20E0D93A009AB824 /* AppleTraceLoader.xm */ = {isa = PBXFileReference; lastKnownFileType = text; path = AppleTraceLoader.xm; sourceTree = "<group>"; };
		CBC88E7E20E0D93A009AB824 /* AppleTraceLoader.mm */ = {isa = PBXFileReference; lastKnownFileType = sourcecode.cpp.objcpp; path = AppleTraceLoader.mm; sourceTree = "<group>"; };
		CBC88E8220E0D93A009AB824 /* AppleTraceLoader.plist */ = {isa = PBXFileReference; lastKnownFileType = text.plist.xml; name = AppleTraceLoader.plist; path = Package/Library/MobileSubstrate/DynamicLibraries/AppleTraceLoader.plist; sourceTree = "<group>"; };
		D155468E20E13C4B00AB7977 /* appletrace.framework */ = {isa = PBXFileReference; lastKnownFileType = wrapper.framework; path = appletrace.framework; sourceTree = "<group>"; };
		D1CC5A852186031800726C5E /* appletrace.framework */ = {isa = PBXFileReference; lastKnownFileType = wrapper.framework; name = appletrace.framework; path = Package/usr/lib/TweakInject/appletrace.framework; sourceTree = "<group>"; };
/* End PBXFileReference section */

/* Begin PBXFrameworksBuildPhase section */
		CBC88E6420E0D93A009AB824 /* Frameworks */ = {
			isa = PBXFrameworksBuildPhase;
			buildActionMask = 2147483647;
			files = (
				CBC88E6C20E0D93A009AB824 /* UIKit.framework in Frameworks */,
				CBC88E6E20E0D93A009AB824 /* Foundation.framework in Frameworks */,
				CBC88E7020E0D93A009AB824 /* CydiaSubstrate.framework in Frameworks */,
			);
			runOnlyForDeploymentPostprocessing = 0;
		};
/* End PBXFrameworksBuildPhase section */

/* Begin PBXGroup section */
		CBC88E5D20E0D93A009AB824 = {
			isa = PBXGroup;
			children = (
				CBC88E7120E0D93A009AB824 /* AppleTraceLoader */,
				CBC88E6A20E0D93A009AB824 /* Frameworks */,
				CBC88E6920E0D93A009AB824 /* Products */,
			);
			sourceTree = "<group>";
		};
		CBC88E6920E0D93A009AB824 /* Products */ = {
			isa = PBXGroup;
			children = (
				CBC88E6820E0D93A009AB824 /* AppleTraceLoader.dylib */,
			);
			name = Products;
			sourceTree = "<group>";
		};
		CBC88E6A20E0D93A009AB824 /* Frameworks */ = {
			isa = PBXGroup;
			children = (
				CBC88E6B20E0D93A009AB824 /* UIKit.framework */,
				CBC88E6D20E0D93A009AB824 /* Foundation.framework */,
				CBC88E6F20E0D93A009AB824 /* CydiaSubstrate.framework */,
			);
			name = Frameworks;
			sourceTree = "<group>";
		};
		CBC88E7120E0D93A009AB824 /* AppleTraceLoader */ = {
			isa = PBXGroup;
			children = (
				CBC88E7D20E0D93A009AB824 /* AppleTraceLoader.xm */,
				CBC88E7E20E0D93A009AB824 /* AppleTraceLoader.mm */,
				CBC88E7220E0D93A009AB824 /* Package */,
				CBC88E7B20E0D93A009AB824 /* Supporting Files */,
			);
			path = AppleTraceLoader;
			sourceTree = "<group>";
		};
		CBC88E7220E0D93A009AB824 /* Package */ = {
			isa = PBXGroup;
			children = (
				D1CC5A802186029800726C5E /* usr */,
				CBC88E7320E0D93A009AB824 /* DEBIAN */,
				CBC88E7520E0D93A009AB824 /* Library */,
			);
			name = Package;
			sourceTree = "<group>";
		};
		CBC88E7320E0D93A009AB824 /* DEBIAN */ = {
			isa = PBXGroup;
			children = (
				CBC88E7420E0D93A009AB824 /* control */,
			);
			name = DEBIAN;
			sourceTree = "<group>";
		};
		CBC88E7520E0D93A009AB824 /* Library */ = {
			isa = PBXGroup;
			children = (
				D155468D20E13C4B00AB7977 /* Frameworks */,
				CBC88E7620E0D93A009AB824 /* PreferenceLoader */,
				CBC88E8020E0D93A009AB824 /* MobileSubstrate */,
			);
			name = Library;
			sourceTree = "<group>";
		};
		CBC88E7620E0D93A009AB824 /* PreferenceLoader */ = {
			isa = PBXGroup;
			children = (
				CBC88E7720E0D93A009AB824 /* Preferences */,
			);
			name = PreferenceLoader;
			sourceTree = "<group>";
		};
		CBC88E7720E0D93A009AB824 /* Preferences */ = {
			isa = PBXGroup;
			children = (
				CBC88E7820E0D93A009AB824 /* AppleTraceLoader.plist */,
				CBC88E7920E0D93A009AB824 /* AppleTraceLoaderIcon.png */,
				CBC88E7A20E0D93A009AB824 /* AppleTraceLoaderIcon@2x.png */,
			);
			name = Preferences;
			sourceTree = "<group>";
		};
		CBC88E7B20E0D93A009AB824 /* Supporting Files */ = {
			isa = PBXGroup;
			children = (
				CBC88E7C20E0D93A009AB824 /* AppleTraceLoader-Prefix.pch */,
			);
			name = "Supporting Files";
			sourceTree = "<group>";
		};
		CBC88E8020E0D93A009AB824 /* MobileSubstrate */ = {
			isa = PBXGroup;
			children = (
				CBC88E8120E0D93A009AB824 /* DynamicLibraries */,
			);
			name = MobileSubstrate;
			sourceTree = "<group>";
		};
		CBC88E8120E0D93A009AB824 /* DynamicLibraries */ = {
			isa = PBXGroup;
			children = (
				CBC88E8220E0D93A009AB824 /* AppleTraceLoader.plist */,
			);
			name = DynamicLibraries;
			sourceTree = "<group>";
		};
		D155468D20E13C4B00AB7977 /* Frameworks */ = {
			isa = PBXGroup;
			children = (
				D155468E20E13C4B00AB7977 /* appletrace.framework */,
			);
			name = Frameworks;
			path = Package/Library/Frameworks;
			sourceTree = "<group>";
		};
		D1CC5A802186029800726C5E /* usr */ = {
			isa = PBXGroup;
			children = (
				D1CC5A812186029E00726C5E /* lib */,
			);
			name = usr;
			sourceTree = "<group>";
		};
		D1CC5A812186029E00726C5E /* lib */ = {
			isa = PBXGroup;
			children = (
				D1CC5A82218602A300726C5E /* TweakInject */,
			);
			name = lib;
			sourceTree = "<group>";
		};
		D1CC5A82218602A300726C5E /* TweakInject */ = {
			isa = PBXGroup;
			children = (
				D1CC5A852186031800726C5E /* appletrace.framework */,
			);
			name = TweakInject;
			sourceTree = "<group>";
		};
/* End PBXGroup section */

/* Begin PBXHeadersBuildPhase section */
		CBC88E6520E0D93A009AB824 /* Headers */ = {
			isa = PBXHeadersBuildPhase;
			buildActionMask = 2147483647;
			files = (
			);
			runOnlyForDeploymentPostprocessing = 0;
		};
/* End PBXHeadersBuildPhase section */

/* Begin PBXNativeTarget section */
		CBC88E6720E0D93A009AB824 /* AppleTraceLoader */ = {
			isa = PBXNativeTarget;
			buildConfigurationList = CBC88E8520E0D93A009AB824 /* Build configuration list for PBXNativeTarget "AppleTraceLoader" */;
			buildPhases = (
				CBC88E6220E0D93A009AB824 /* ShellScript */,
				CBC88E6320E0D93A009AB824 /* Sources */,
				CBC88E6420E0D93A009AB824 /* Frameworks */,
				CBC88E6520E0D93A009AB824 /* Headers */,
				CBC88E6620E0D93A009AB824 /* ShellScript */,
			);
			buildRules = (
			);
			dependencies = (
			);
			name = AppleTraceLoader;
			productName = AppleTraceLoader;
			productReference = CBC88E6820E0D93A009AB824 /* AppleTraceLoader.dylib */;
			productType = "com.apple.product-type.library.dynamic";
		};
/* End PBXNativeTarget section */

/* Begin PBXProject section */
		CBC88E5E20E0D93A009AB824 /* Project object */ = {
			isa = PBXProject;
			attributes = {
				LastUpgradeCheck = 0940;
				TargetAttributes = {
					CBC88E6720E0D93A009AB824 = {
						CreatedOnToolsVersion = 9.4.1;
					};
				};
			};
			buildConfigurationList = CBC88E6120E0D93A009AB824 /* Build configuration list for PBXProject "AppleTraceLoader" */;
			compatibilityVersion = "Xcode 9.3";
			developmentRegion = en;
			hasScannedForEncodings = 0;
			knownRegions = (
				en,
			);
			mainGroup = CBC88E5D20E0D93A009AB824;
			productRefGroup = CBC88E6920E0D93A009AB824 /* Products */;
			projectDirPath = "";
			projectRoot = "";
			targets = (
				CBC88E6720E0D93A009AB824 /* AppleTraceLoader */,
			);
		};
/* End PBXProject section */

/* Begin PBXShellScriptBuildPhase section */
		CBC88E6220E0D93A009AB824 /* ShellScript */ = {
			isa = PBXShellScriptBuildPhase;
			buildActionMask = 2147483647;
			files = (
			);
			inputPaths = (
			);
			outputPaths = (
			);
			runOnlyForDeploymentPostprocessing = 0;
			shellPath = /bin/sh;
			shellScript = "/opt/MonkeyDev/bin/md --xcbp-logos\n";
		};
		CBC88E6620E0D93A009AB824 /* ShellScript */ = {
			isa = PBXShellScriptBuildPhase;
			buildActionMask = 2147483647;
			files = (
			);
			inputPaths = (
			);
			outputPaths = (
			);
			runOnlyForDeploymentPostprocessing = 0;
			shellPath = /bin/sh;
			shellScript = "/opt/MonkeyDev/bin/md --xcbp\n";
		};
/* End PBXShellScriptBuildPhase section */

/* Begin PBXSourcesBuildPhase section */
		CBC88E6320E0D93A009AB824 /* Sources */ = {
			isa = PBXSourcesBuildPhase;
			buildActionMask = 2147483647;
			files = (
				CBC88E7F20E0D93A009AB824 /* AppleTraceLoader.mm in Sources */,
			);
			runOnlyForDeploymentPostprocessing = 0;
		};
/* End PBXSourcesBuildPhase section */

/* Begin XCBuildConfiguration section */
		CBC88E8320E0D93A009AB824 /* Release */ = {
			isa = XCBuildConfiguration;
			buildSettings = {
				CODE_SIGN_IDENTITY = "iPhone Developer";
				COPY_PHASE_STRIP = YES;
				EXCLUDED_RECURSIVE_SEARCH_PATH_SUBDIRECTORIES = "*.nib *.lproj *.gch (*) .DS_Store CVS .svn .git .hg *.xcodeproj *.xcode *.pbproj *.pbxproj";
				FRAMEWORK_SEARCH_PATHS = (
					"$(MonkeyDevPath)/frameworks/**",
					"$(MonkeyDevTheosPath)/vendor/lib",
				);
				GCC_C_LANGUAGE_STANDARD = gnu99;
				GCC_WARN_ABOUT_MISSING_PROTOTYPES = YES;
				GCC_WARN_ABOUT_RETURN_TYPE = YES;
				GCC_WARN_UNUSED_VARIABLE = YES;
				HEADER_SEARCH_PATHS = "$(MonkeyDevTheosPath)/vendor/include/**";
				IPHONEOS_DEPLOYMENT_TARGET = 8.0;
				LIBRARY_SEARCH_PATHS = "$(MonkeyDevTheosPath)/vendor/lib/**";
				MonkeyDevPath = /opt/MonkeyDev;
				MonkeyDevTheosPath = /opt/theos;
				OTHER_CFLAGS = "-DTHEOS_INSTANCE_NAME=\"\\\"AppleTraceLoader\\\"\"";
				SDKROOT = iphoneos;
				TARGETED_DEVICE_FAMILY = "1,2";
				VALIDATE_PRODUCT = YES;
			};
			name = Release;
		};
		CBC88E8420E0D93A009AB824 /* Debug */ = {
			isa = XCBuildConfiguration;
			buildSettings = {
				CODE_SIGN_IDENTITY = "iPhone Developer";
				COPY_PHASE_STRIP = NO;
				EXCLUDED_RECURSIVE_SEARCH_PATH_SUBDIRECTORIES = "*.nib *.lproj *.gch (*) .DS_Store CVS .svn .git .hg *.xcodeproj *.xcode *.pbproj *.pbxproj";
				FRAMEWORK_SEARCH_PATHS = (
					"$(MonkeyDevPath)/frameworks/**",
					"$(MonkeyDevTheosPath)/vendor/lib",
				);
				GCC_C_LANGUAGE_STANDARD = gnu99;
				GCC_DYNAMIC_NO_PIC = NO;
				GCC_OPTIMIZATION_LEVEL = 0;
				GCC_PREPROCESSOR_DEFINITIONS = (
					"DEBUG=1",
					"$(inherited)",
				);
				GCC_SYMBOLS_PRIVATE_EXTERN = NO;
				GCC_WARN_ABOUT_MISSING_PROTOTYPES = YES;
				GCC_WARN_ABOUT_RETURN_TYPE = YES;
				GCC_WARN_UNUSED_VARIABLE = YES;
				HEADER_SEARCH_PATHS = "$(MonkeyDevTheosPath)/vendor/include/**";
				IPHONEOS_DEPLOYMENT_TARGET = 8.0;
				LIBRARY_SEARCH_PATHS = "$(MonkeyDevTheosPath)/vendor/lib/**";
				MonkeyDevPath = /opt/MonkeyDev;
				MonkeyDevTheosPath = /opt/theos;
				ONLY_ACTIVE_ARCH = YES;
				OTHER_CFLAGS = "-DTHEOS_INSTANCE_NAME=\"\\\"AppleTraceLoader\\\"\"";
				SDKROOT = iphoneos;
				TARGETED_DEVICE_FAMILY = "1,2";
				VALIDATE_PRODUCT = NO;
			};
			name = Debug;
		};
		CBC88E8620E0D93A009AB824 /* Release */ = {
			isa = XCBuildConfiguration;
			buildSettings = {
				CLANG_ENABLE_OBJC_ARC = YES;
				CODE_SIGN_IDENTITY = "";
				CODE_SIGN_STYLE = Automatic;
				DEVELOPMENT_TEAM = YPV49M8592;
				DYLIB_COMPATIBILITY_VERSION = 1;
				DYLIB_CURRENT_VERSION = 1;
				ENABLE_BITCODE = NO;
				FRAMEWORK_SEARCH_PATHS = (
					"$(inherited)",
					"$(PROJECT_DIR)/AppleTraceLoader/Package/Library/Frameworks",
					"$(PROJECT_DIR)/AppleTraceLoader/Package/usr/lib/TweakInject",
				);
				GCC_PRECOMPILE_PREFIX_HEADER = YES;
				GCC_PREFIX_HEADER = "AppleTraceLoader/AppleTraceLoader-Prefix.pch";
				INSTALL_PATH = /Library/MobileSubstrate/DynamicLibraries;
				MonkeyDevBuildPackageOnAnyBuild = NO;
				MonkeyDevClearUiCacheOnInstall = NO;
				MonkeyDevCopyOnBuild = NO;
				MonkeyDevDeviceIP = localhost;
				MonkeyDevDevicePassword = "";
				MonkeyDevDevicePort = 2222;
				MonkeyDevInstallOnAnyBuild = YES;
				MonkeyDevInstallOnProfiling = YES;
				MonkeyDevkillProcessOnInstall = SpringBoard;
				PRODUCT_NAME = "$(TARGET_NAME)";
				TARGETED_DEVICE_FAMILY = "1,2";
			};
			name = Release;
		};
		CBC88E8720E0D93A009AB824 /* Debug */ = {
			isa = XCBuildConfiguration;
			buildSettings = {
				CLANG_ENABLE_OBJC_ARC = YES;
				CODE_SIGN_IDENTITY = "";
				CODE_SIGN_STYLE = Automatic;
				DEVELOPMENT_TEAM = YPV49M8592;
				DYLIB_COMPATIBILITY_VERSION = 1;
				DYLIB_CURRENT_VERSION = 1;
				ENABLE_BITCODE = NO;
				FRAMEWORK_SEARCH_PATHS = (
					"$(inherited)",
					"$(PROJECT_DIR)/AppleTraceLoader/Package/Library/Frameworks",
					"$(PROJECT_DIR)/AppleTraceLoader/Package/usr/lib/TweakInject",
				);
				GCC_PRECOMPILE_PREFIX_HEADER = YES;
				GCC_PREFIX_HEADER = "AppleTraceLoader/AppleTraceLoader-Prefix.pch";
				INSTALL_PATH = /Library/MobileSubstrate/DynamicLibraries;
				MonkeyDevBuildPackageOnAnyBuild = NO;
				MonkeyDevClearUiCacheOnInstall = NO;
				MonkeyDevCopyOnBuild = NO;
				MonkeyDevDeviceIP = localhost;
				MonkeyDevDevicePassword = "";
				MonkeyDevDevicePort = 2222;
				MonkeyDevInstallOnAnyBuild = YES;
				MonkeyDevInstallOnProfiling = YES;
				MonkeyDevkillProcessOnInstall = SpringBoard;
				PRODUCT_NAME = "$(TARGET_NAME)";
				TARGETED_DEVICE_FAMILY = "1,2";
			};
			name = Debug;
		};
/* End XCBuildConfiguration section */

/* Begin XCConfigurationList section */
		CBC88E6120E0D93A009AB824 /* Build configuration list for PBXProject "AppleTraceLoader" */ = {
			isa = XCConfigurationList;
			buildConfigurations = (
				CBC88E8320E0D93A009AB824 /* Release */,
				CBC88E8420E0D93A009AB824 /* Debug */,
			);
			defaultConfigurationIsVisible = 0;
			defaultConfigurationName = Release;
		};
		CBC88E8520E0D93A009AB824 /* Build configuration list for PBXNativeTarget "AppleTraceLoader" */ = {
			isa = XCConfigurationList;
			buildConfigurations = (
				CBC88E8620E0D93A009AB824 /* Release */,
				CBC88E8720E0D93A009AB824 /* Debug */,
			);
			defaultConfigurationIsVisible = 0;
			defaultConfigurationName = Release;
		};
/* End XCConfigurationList section */
	};
	rootObject = CBC88E5E20E0D93A009AB824 /* Project object */;
}
